// !$*UTF8*$!
{
	archiveVersion = 1;
	classes = {
	};
	objectVersion = 46;
	objects = {

/* Begin PBXBuildFile section */
		5702AFAA1B9F33F7009A149F /* Default-667H@2x.png in Resources */ = {isa = PBXBuildFile; fileRef = 5702AFA91B9F33F7009A149F /* Default-667H@2x.png */; };
		570396E01BA16ADD005F8385 /* LogImg.bundle in Resources */ = {isa = PBXBuildFile; fileRef = 570396DF1BA16ADD005F8385 /* LogImg.bundle */; };
		571CBE541B8C3C3E003343F1 /* main.m in Sources */ = {isa = PBXBuildFile; fileRef = 571CBE531B8C3C3E003343F1 /* main.m */; };
		571CBE571B8C3C3E003343F1 /* AppDelegate.m in Sources */ = {isa = PBXBuildFile; fileRef = 571CBE561B8C3C3E003343F1 /* AppDelegate.m */; };
		571CBE5A1B8C3C3E003343F1 /* TaichungDivingForiPhone.xcdatamodeld in Sources */ = {isa = PBXBuildFile; fileRef = 571CBE581B8C3C3E003343F1 /* TaichungDivingForiPhone.xcdatamodeld */; };
		571CBE5D1B8C3C3E003343F1 /* MainViewController.m in Sources */ = {isa = PBXBuildFile; fileRef = 571CBE5C1B8C3C3E003343F1 /* MainViewController.m */; };
		571CBE621B8C3C3E003343F1 /* Images.xcassets in Resources */ = {isa = PBXBuildFile; fileRef = 571CBE611B8C3C3E003343F1 /* Images.xcassets */; };
		571CBE651B8C3C3E003343F1 /* LaunchScreen.xib in Resources */ = {isa = PBXBuildFile; fileRef = 571CBE631B8C3C3E003343F1 /* LaunchScreen.xib */; };
		571CBE711B8C3C3E003343F1 /* TaichungDivingForiPhoneTests.m in Sources */ = {isa = PBXBuildFile; fileRef = 571CBE701B8C3C3E003343F1 /* TaichungDivingForiPhoneTests.m */; };
		571CBE831B8C3F5B003343F1 /* Reachability.m in Sources */ = {isa = PBXBuildFile; fileRef = 571CBE821B8C3F5B003343F1 /* Reachability.m */; };
		571CBE861B8C47A1003343F1 /* LogViewController.m in Sources */ = {isa = PBXBuildFile; fileRef = 571CBE851B8C47A1003343F1 /* LogViewController.m */; };
		571CBE891B8C47D7003343F1 /* LogBookTableViewController.m in Sources */ = {isa = PBXBuildFile; fileRef = 571CBE881B8C47D7003343F1 /* LogBookTableViewController.m */; };
		571CBE8C1B8C4814003343F1 /* PageViewController.m in Sources */ = {isa = PBXBuildFile; fileRef = 571CBE8B1B8C4814003343F1 /* PageViewController.m */; };
		571CBE8F1B8C484A003343F1 /* LogShowViewController.m in Sources */ = {isa = PBXBuildFile; fileRef = 571CBE8E1B8C484A003343F1 /* LogShowViewController.m */; };
		571CBE921B8C486A003343F1 /* LogCategoryViewController.m in Sources */ = {isa = PBXBuildFile; fileRef = 571CBE911B8C486A003343F1 /* LogCategoryViewController.m */; };
		571CBE951B8C4890003343F1 /* TourTableViewController.m in Sources */ = {isa = PBXBuildFile; fileRef = 571CBE941B8C4890003343F1 /* TourTableViewController.m */; };
		571CBE981B8C48BB003343F1 /* TourDetailViewController.m in Sources */ = {isa = PBXBuildFile; fileRef = 571CBE971B8C48BB003343F1 /* TourDetailViewController.m */; };
		571CBE9B1B8C48E3003343F1 /* ForecastNewViewController.m in Sources */ = {isa = PBXBuildFile; fileRef = 571CBE9A1B8C48E3003343F1 /* ForecastNewViewController.m */; };
		571CBE9E1B8C4914003343F1 /* ModelControler.m in Sources */ = {isa = PBXBuildFile; fileRef = 571CBE9D1B8C4914003343F1 /* ModelControler.m */; };
		571CBEA11B8C4931003343F1 /* LogDatabase.m in Sources */ = {isa = PBXBuildFile; fileRef = 571CBEA01B8C4931003343F1 /* LogDatabase.m */; };
		571CBEA41B8C4EDD003343F1 /* DiveLog.m in Sources */ = {isa = PBXBuildFile; fileRef = 571CBEA31B8C4EDD003343F1 /* DiveLog.m */; };
		571CBEA61B8C520F003343F1 /* icons.bundle in Resources */ = {isa = PBXBuildFile; fileRef = 571CBEA51B8C520F003343F1 /* icons.bundle */; };
		571CBEAF1B8C523E003343F1 /* ic_book_black_24dp.png in Resources */ = {isa = PBXBuildFile; fileRef = 571CBEA71B8C523E003343F1 /* ic_book_black_24dp.png */; };
		571CBEB01B8C523E003343F1 /* ic_book_black_48dp.png in Resources */ = {isa = PBXBuildFile; fileRef = 571CBEA81B8C523E003343F1 /* ic_book_black_48dp.png */; };
		571CBEB11B8C523E003343F1 /* ic_class_black_48dp.png in Resources */ = {isa = PBXBuildFile; fileRef = 571CBEA91B8C523E003343F1 /* ic_class_black_48dp.png */; };
		571CBEB21B8C523E003343F1 /* ic_edit_black_24dp.png in Resources */ = {isa = PBXBuildFile; fileRef = 571CBEAA1B8C523E003343F1 /* ic_edit_black_24dp.png */; };
		571CBEB31B8C523E003343F1 /* ic_home_black_24dp.png in Resources */ = {isa = PBXBuildFile; fileRef = 571CBEAB1B8C523E003343F1 /* ic_home_black_24dp.png */; };
		571CBEB41B8C523E003343F1 /* ic_refresh_black_24dp.png in Resources */ = {isa = PBXBuildFile; fileRef = 571CBEAC1B8C523E003343F1 /* ic_refresh_black_24dp.png */; };
		571CBEB51B8C523E003343F1 /* ic_save_black_24dp.png in Resources */ = {isa = PBXBuildFile; fileRef = 571CBEAD1B8C523E003343F1 /* ic_save_black_24dp.png */; };
		571CBEB61B8C523E003343F1 /* ic_warning_amber_48dp.png in Resources */ = {isa = PBXBuildFile; fileRef = 571CBEAE1B8C523E003343F1 /* ic_warning_amber_48dp.png */; };
		571CBEB91B8C5E32003343F1 /* Localizable.strings in Resources */ = {isa = PBXBuildFile; fileRef = 571CBEBB1B8C5E32003343F1 /* Localizable.strings */; };
		5757DEFD1BA55757001FC213 /* AssetsLibrary.framework in Frameworks */ = {isa = PBXBuildFile; fileRef = 5757DEFC1BA55757001FC213 /* AssetsLibrary.framework */; };
		5757DF041BA5580F001FC213 /* PhotoCell.m in Sources */ = {isa = PBXBuildFile; fileRef = 5757DF031BA5580F001FC213 /* PhotoCell.m */; };
		5757DF071BA55D16001FC213 /* PhotoViewController.m in Sources */ = {isa = PBXBuildFile; fileRef = 5757DF061BA55D16001FC213 /* PhotoViewController.m */; };
		577DA1631C13395A0020B9A6 /* PhotoImagePicker.m in Sources */ = {isa = PBXBuildFile; fileRef = 577DA1621C13395A0020B9A6 /* PhotoImagePicker.m */; };
		578679581B95E38B00A0F977 /* Background.bundle in Resources */ = {isa = PBXBuildFile; fileRef = 578679571B95E38B00A0F977 /* Background.bundle */; };
		57ABF8191B96E69400BE7CF2 /* Button.bundle in Resources */ = {isa = PBXBuildFile; fileRef = 57ABF8181B96E69400BE7CF2 /* Button.bundle */; };
		57D39BE01BFDAD0D000FD965 /* libGoogleAnalyticsServices.a in Frameworks */ = {isa = PBXBuildFile; fileRef = 57D39BBF1BFDAD0D000FD965 /* libGoogleAnalyticsServices.a */; };
		57D39BE51BFDAEF6000FD965 /* CoreData.framework in Frameworks */ = {isa = PBXBuildFile; fileRef = 57D39BE41BFDAEF6000FD965 /* CoreData.framework */; };
		57D39BE71BFDAF12000FD965 /* SystemConfiguration.framework in Frameworks */ = {isa = PBXBuildFile; fileRef = 57D39BE61BFDAF12000FD965 /* SystemConfiguration.framework */; };
		57D39BE91BFDAFF5000FD965 /* libsqlite3.tbd in Frameworks */ = {isa = PBXBuildFile; fileRef = 57D39BE81BFDAFF5000FD965 /* libsqlite3.tbd */; };
		57D39BEB1BFDB007000FD965 /* libz.tbd in Frameworks */ = {isa = PBXBuildFile; fileRef = 57D39BEA1BFDB007000FD965 /* libz.tbd */; };
		57D4D0201B9FD3870008FD2A /* Default-568h@2x.png in Resources */ = {isa = PBXBuildFile; fileRef = 57D4D01D1B9FD3870008FD2A /* Default-568h@2x.png */; };
		57D4D0211B9FD3870008FD2A /* Default-736h@3x.png in Resources */ = {isa = PBXBuildFile; fileRef = 57D4D01E1B9FD3870008FD2A /* Default-736h@3x.png */; };
		57D4D0221B9FD3870008FD2A /* Default@2x.png in Resources */ = {isa = PBXBuildFile; fileRef = 57D4D01F1B9FD3870008FD2A /* Default@2x.png */; };
		57DCB6F71C0D52C700B7B74E /* FBSDKCoreKit.framework in Frameworks */ = {isa = PBXBuildFile; fileRef = 57DCB6F41C0D52C700B7B74E /* FBSDKCoreKit.framework */; };
		57DCB6F81C0D52C700B7B74E /* FBSDKLoginKit.framework in Frameworks */ = {isa = PBXBuildFile; fileRef = 57DCB6F51C0D52C700B7B74E /* FBSDKLoginKit.framework */; };
		57DCB6F91C0D52C700B7B74E /* FBSDKShareKit.framework in Frameworks */ = {isa = PBXBuildFile; fileRef = 57DCB6F61C0D52C700B7B74E /* FBSDKShareKit.framework */; };
		57DCB6FC1C0DA7CC00B7B74E /* FBFunction.m in Sources */ = {isa = PBXBuildFile; fileRef = 57DCB6FB1C0DA7CC00B7B74E /* FBFunction.m */; };
		57E155F31C06D3CC004DCC6E /* AdSupport.framework in Frameworks */ = {isa = PBXBuildFile; fileRef = 57E155F21C06D3CC004DCC6E /* AdSupport.framework */; };
		57E155F51C06D41F004DCC6E /* libAdIdAccess.a in Frameworks */ = {isa = PBXBuildFile; fileRef = 57E155F41C06D41F004DCC6E /* libAdIdAccess.a */; };
		57EC5D891BB8DF680040932A /* Icon-60@2x.png in Resources */ = {isa = PBXBuildFile; fileRef = 57EC5D871BB8DF680040932A /* Icon-60@2x.png */; };
		57EC5D8A1BB8DF680040932A /* Icon-60@3x.png in Resources */ = {isa = PBXBuildFile; fileRef = 57EC5D881BB8DF680040932A /* Icon-60@3x.png */; };
		57EC5D8C1BB8E0230040932A /* Icon-40@2x.png in Resources */ = {isa = PBXBuildFile; fileRef = 57EC5D8B1BB8E0230040932A /* Icon-40@2x.png */; };
		57EC5D8E1BB8E1680040932A /* Icon-29@3x.png in Resources */ = {isa = PBXBuildFile; fileRef = 57EC5D8D1BB8E1680040932A /* Icon-29@3x.png */; };
		57EC5D901BB8E17C0040932A /* Icon-29@2x.png in Resources */ = {isa = PBXBuildFile; fileRef = 57EC5D8F1BB8E17C0040932A /* Icon-29@2x.png */; };
/* End PBXBuildFile section */

/* Begin PBXContainerItemProxy section */
		571CBE6B1B8C3C3E003343F1 /* PBXContainerItemProxy */ = {
			isa = PBXContainerItemProxy;
			containerPortal = 571CBE461B8C3C3E003343F1 /* Project object */;
			proxyType = 1;
			remoteGlobalIDString = 571CBE4D1B8C3C3E003343F1;
			remoteInfo = TaichungDivingForiPhone;
		};
/* End PBXContainerItemProxy section */

/* Begin PBXFileReference section */
		5702AFA91B9F33F7009A149F /* Default-667H@2x.png */ = {isa = PBXFileReference; lastKnownFileType = image.png; path = "Default-667H@2x.png"; sourceTree = "<group>"; };
		570396DF1BA16ADD005F8385 /* LogImg.bundle */ = {isa = PBXFileReference; lastKnownFileType = "wrapper.plug-in"; path = LogImg.bundle; sourceTree = "<group>"; };
		571CBE4E1B8C3C3E003343F1 /* TaichungDivingForiPhone.app */ = {isa = PBXFileReference; explicitFileType = wrapper.application; includeInIndex = 0; path = TaichungDivingForiPhone.app; sourceTree = BUILT_PRODUCTS_DIR; };
		571CBE521B8C3C3E003343F1 /* Info.plist */ = {isa = PBXFileReference; lastKnownFileType = text.plist.xml; path = Info.plist; sourceTree = "<group>"; };
		571CBE531B8C3C3E003343F1 /* main.m */ = {isa = PBXFileReference; lastKnownFileType = sourcecode.c.objc; path = main.m; sourceTree = "<group>"; };
		571CBE551B8C3C3E003343F1 /* AppDelegate.h */ = {isa = PBXFileReference; lastKnownFileType = sourcecode.c.h; path = AppDelegate.h; sourceTree = "<group>"; };
		571CBE561B8C3C3E003343F1 /* AppDelegate.m */ = {isa = PBXFileReference; lastKnownFileType = sourcecode.c.objc; path = AppDelegate.m; sourceTree = "<group>"; };
		571CBE591B8C3C3E003343F1 /* TaichungDivingForiPhone.xcdatamodel */ = {isa = PBXFileReference; lastKnownFileType = wrapper.xcdatamodel; path = TaichungDivingForiPhone.xcdatamodel; sourceTree = "<group>"; };
		571CBE5B1B8C3C3E003343F1 /* MainViewController.h */ = {isa = PBXFileReference; lastKnownFileType = sourcecode.c.h; path = MainViewController.h; sourceTree = "<group>"; };
		571CBE5C1B8C3C3E003343F1 /* MainViewController.m */ = {isa = PBXFileReference; lastKnownFileType = sourcecode.c.objc; path = MainViewController.m; sourceTree = "<group>"; };
		571CBE611B8C3C3E003343F1 /* Images.xcassets */ = {isa = PBXFileReference; lastKnownFileType = folder.assetcatalog; path = Images.xcassets; sourceTree = "<group>"; };
		571CBE641B8C3C3E003343F1 /* Base */ = {isa = PBXFileReference; lastKnownFileType = file.xib; name = Base; path = Base.lproj/LaunchScreen.xib; sourceTree = "<group>"; };
		571CBE6A1B8C3C3E003343F1 /* TaichungDivingForiPhoneTests.xctest */ = {isa = PBXFileReference; explicitFileType = wrapper.cfbundle; includeInIndex = 0; path = TaichungDivingForiPhoneTests.xctest; sourceTree = BUILT_PRODUCTS_DIR; };
		571CBE6F1B8C3C3E003343F1 /* Info.plist */ = {isa = PBXFileReference; lastKnownFileType = text.plist.xml; path = Info.plist; sourceTree = "<group>"; };
		571CBE701B8C3C3E003343F1 /* TaichungDivingForiPhoneTests.m */ = {isa = PBXFileReference; lastKnownFileType = sourcecode.c.objc; path = TaichungDivingForiPhoneTests.m; sourceTree = "<group>"; };
		571CBE811B8C3F5B003343F1 /* Reachability.h */ = {isa = PBXFileReference; fileEncoding = 4; lastKnownFileType = sourcecode.c.h; path = Reachability.h; sourceTree = "<group>"; };
		571CBE821B8C3F5B003343F1 /* Reachability.m */ = {isa = PBXFileReference; fileEncoding = 4; lastKnownFileType = sourcecode.c.objc; path = Reachability.m; sourceTree = "<group>"; };
		571CBE841B8C47A1003343F1 /* LogViewController.h */ = {isa = PBXFileReference; fileEncoding = 4; lastKnownFileType = sourcecode.c.h; path = LogViewController.h; sourceTree = "<group>"; };
		571CBE851B8C47A1003343F1 /* LogViewController.m */ = {isa = PBXFileReference; fileEncoding = 4; lastKnownFileType = sourcecode.c.objc; path = LogViewController.m; sourceTree = "<group>"; };
		571CBE871B8C47D7003343F1 /* LogBookTableViewController.h */ = {isa = PBXFileReference; fileEncoding = 4; lastKnownFileType = sourcecode.c.h; path = LogBookTableViewController.h; sourceTree = "<group>"; };
		571CBE881B8C47D7003343F1 /* LogBookTableViewController.m */ = {isa = PBXFileReference; fileEncoding = 4; lastKnownFileType = sourcecode.c.objc; path = LogBookTableViewController.m; sourceTree = "<group>"; };
		571CBE8A1B8C4814003343F1 /* PageViewController.h */ = {isa = PBXFileReference; fileEncoding = 4; lastKnownFileType = sourcecode.c.h; path = PageViewController.h; sourceTree = "<group>"; };
		571CBE8B1B8C4814003343F1 /* PageViewController.m */ = {isa = PBXFileReference; fileEncoding = 4; lastKnownFileType = sourcecode.c.objc; path = PageViewController.m; sourceTree = "<group>"; };
		571CBE8D1B8C484A003343F1 /* LogShowViewController.h */ = {isa = PBXFileReference; fileEncoding = 4; lastKnownFileType = sourcecode.c.h; path = LogShowViewController.h; sourceTree = "<group>"; };
		571CBE8E1B8C484A003343F1 /* LogShowViewController.m */ = {isa = PBXFileReference; fileEncoding = 4; lastKnownFileType = sourcecode.c.objc; path = LogShowViewController.m; sourceTree = "<group>"; };
		571CBE901B8C486A003343F1 /* LogCategoryViewController.h */ = {isa = PBXFileReference; fileEncoding = 4; lastKnownFileType = sourcecode.c.h; path = LogCategoryViewController.h; sourceTree = "<group>"; };
		571CBE911B8C486A003343F1 /* LogCategoryViewController.m */ = {isa = PBXFileReference; fileEncoding = 4; lastKnownFileType = sourcecode.c.objc; path = LogCategoryViewController.m; sourceTree = "<group>"; };
		571CBE931B8C4890003343F1 /* TourTableViewController.h */ = {isa = PBXFileReference; fileEncoding = 4; lastKnownFileType = sourcecode.c.h; path = TourTableViewController.h; sourceTree = "<group>"; };
		571CBE941B8C4890003343F1 /* TourTableViewController.m */ = {isa = PBXFileReference; fileEncoding = 4; lastKnownFileType = sourcecode.c.objc; path = TourTableViewController.m; sourceTree = "<group>"; };
		571CBE961B8C48BB003343F1 /* TourDetailViewController.h */ = {isa = PBXFileReference; fileEncoding = 4; lastKnownFileType = sourcecode.c.h; path = TourDetailViewController.h; sourceTree = "<group>"; };
		571CBE971B8C48BB003343F1 /* TourDetailViewController.m */ = {isa = PBXFileReference; fileEncoding = 4; lastKnownFileType = sourcecode.c.objc; path = TourDetailViewController.m; sourceTree = "<group>"; };
		571CBE991B8C48E3003343F1 /* ForecastNewViewController.h */ = {isa = PBXFileReference; fileEncoding = 4; lastKnownFileType = sourcecode.c.h; path = ForecastNewViewController.h; sourceTree = "<group>"; };
		571CBE9A1B8C48E3003343F1 /* ForecastNewViewController.m */ = {isa = PBXFileReference; fileEncoding = 4; lastKnownFileType = sourcecode.c.objc; path = ForecastNewViewController.m; sourceTree = "<group>"; };
		571CBE9C1B8C4914003343F1 /* ModelControler.h */ = {isa = PBXFileReference; fileEncoding = 4; lastKnownFileType = sourcecode.c.h; path = ModelControler.h; sourceTree = "<group>"; };
		571CBE9D1B8C4914003343F1 /* ModelControler.m */ = {isa = PBXFileReference; fileEncoding = 4; lastKnownFileType = sourcecode.c.objc; path = ModelControler.m; sourceTree = "<group>"; };
		571CBE9F1B8C4931003343F1 /* LogDatabase.h */ = {isa = PBXFileReference; fileEncoding = 4; lastKnownFileType = sourcecode.c.h; path = LogDatabase.h; sourceTree = "<group>"; };
		571CBEA01B8C4931003343F1 /* LogDatabase.m */ = {isa = PBXFileReference; fileEncoding = 4; lastKnownFileType = sourcecode.c.objc; path = LogDatabase.m; sourceTree = "<group>"; };
		571CBEA21B8C4EDD003343F1 /* DiveLog.h */ = {isa = PBXFileReference; fileEncoding = 4; lastKnownFileType = sourcecode.c.h; path = DiveLog.h; sourceTree = "<group>"; };
		571CBEA31B8C4EDD003343F1 /* DiveLog.m */ = {isa = PBXFileReference; fileEncoding = 4; lastKnownFileType = sourcecode.c.objc; path = DiveLog.m; sourceTree = "<group>"; };
		571CBEA51B8C520F003343F1 /* icons.bundle */ = {isa = PBXFileReference; lastKnownFileType = "wrapper.plug-in"; path = icons.bundle; sourceTree = "<group>"; };
		571CBEA71B8C523E003343F1 /* ic_book_black_24dp.png */ = {isa = PBXFileReference; lastKnownFileType = image.png; path = ic_book_black_24dp.png; sourceTree = "<group>"; };
		571CBEA81B8C523E003343F1 /* ic_book_black_48dp.png */ = {isa = PBXFileReference; lastKnownFileType = image.png; path = ic_book_black_48dp.png; sourceTree = "<group>"; };
		571CBEA91B8C523E003343F1 /* ic_class_black_48dp.png */ = {isa = PBXFileReference; lastKnownFileType = image.png; path = ic_class_black_48dp.png; sourceTree = "<group>"; };
		571CBEAA1B8C523E003343F1 /* ic_edit_black_24dp.png */ = {isa = PBXFileReference; lastKnownFileType = image.png; path = ic_edit_black_24dp.png; sourceTree = "<group>"; };
		571CBEAB1B8C523E003343F1 /* ic_home_black_24dp.png */ = {isa = PBXFileReference; lastKnownFileType = image.png; path = ic_home_black_24dp.png; sourceTree = "<group>"; };
		571CBEAC1B8C523E003343F1 /* ic_refresh_black_24dp.png */ = {isa = PBXFileReference; lastKnownFileType = image.png; path = ic_refresh_black_24dp.png; sourceTree = "<group>"; };
		571CBEAD1B8C523E003343F1 /* ic_save_black_24dp.png */ = {isa = PBXFileReference; lastKnownFileType = image.png; path = ic_save_black_24dp.png; sourceTree = "<group>"; };
		571CBEAE1B8C523E003343F1 /* ic_warning_amber_48dp.png */ = {isa = PBXFileReference; lastKnownFileType = image.png; path = ic_warning_amber_48dp.png; sourceTree = "<group>"; };
		571CBEBA1B8C5E32003343F1 /* Base */ = {isa = PBXFileReference; lastKnownFileType = text.plist.strings; name = Base; path = Base.lproj/Localizable.strings; sourceTree = "<group>"; };
		5757DEFC1BA55757001FC213 /* AssetsLibrary.framework */ = {isa = PBXFileReference; lastKnownFileType = wrapper.framework; name = AssetsLibrary.framework; path = System/Library/Frameworks/AssetsLibrary.framework; sourceTree = SDKROOT; };
		5757DF021BA5580F001FC213 /* PhotoCell.h */ = {isa = PBXFileReference; fileEncoding = 4; lastKnownFileType = sourcecode.c.h; path = PhotoCell.h; sourceTree = "<group>"; };
		5757DF031BA5580F001FC213 /* PhotoCell.m */ = {isa = PBXFileReference; fileEncoding = 4; lastKnownFileType = sourcecode.c.objc; path = PhotoCell.m; sourceTree = "<group>"; };
		5757DF051BA55D16001FC213 /* PhotoViewController.h */ = {isa = PBXFileReference; fileEncoding = 4; lastKnownFileType = sourcecode.c.h; path = PhotoViewController.h; sourceTree = "<group>"; };
		5757DF061BA55D16001FC213 /* PhotoViewController.m */ = {isa = PBXFileReference; fileEncoding = 4; lastKnownFileType = sourcecode.c.objc; path = PhotoViewController.m; sourceTree = "<group>"; };
		577DA1611C13395A0020B9A6 /* PhotoImagePicker.h */ = {isa = PBXFileReference; fileEncoding = 4; lastKnownFileType = sourcecode.c.h; path = PhotoImagePicker.h; sourceTree = "<group>"; };
		577DA1621C13395A0020B9A6 /* PhotoImagePicker.m */ = {isa = PBXFileReference; fileEncoding = 4; lastKnownFileType = sourcecode.c.objc; path = PhotoImagePicker.m; sourceTree = "<group>"; };
		578679571B95E38B00A0F977 /* Background.bundle */ = {isa = PBXFileReference; lastKnownFileType = "wrapper.plug-in"; path = Background.bundle; sourceTree = "<group>"; };
		57ABF8181B96E69400BE7CF2 /* Button.bundle */ = {isa = PBXFileReference; lastKnownFileType = "wrapper.plug-in"; path = Button.bundle; sourceTree = "<group>"; };
		57D39BB41BFDAD0D000FD965 /* GAI.h */ = {isa = PBXFileReference; fileEncoding = 4; lastKnownFileType = sourcecode.c.h; path = GAI.h; sourceTree = "<group>"; };
		57D39BB51BFDAD0D000FD965 /* GAIDictionaryBuilder.h */ = {isa = PBXFileReference; fileEncoding = 4; lastKnownFileType = sourcecode.c.h; path = GAIDictionaryBuilder.h; sourceTree = "<group>"; };
		57D39BB61BFDAD0D000FD965 /* GAIEcommerceFields.h */ = {isa = PBXFileReference; fileEncoding = 4; lastKnownFileType = sourcecode.c.h; path = GAIEcommerceFields.h; sourceTree = "<group>"; };
		57D39BB71BFDAD0D000FD965 /* GAIEcommerceProduct.h */ = {isa = PBXFileReference; fileEncoding = 4; lastKnownFileType = sourcecode.c.h; path = GAIEcommerceProduct.h; sourceTree = "<group>"; };
		57D39BB81BFDAD0D000FD965 /* GAIEcommerceProductAction.h */ = {isa = PBXFileReference; fileEncoding = 4; lastKnownFileType = sourcecode.c.h; path = GAIEcommerceProductAction.h; sourceTree = "<group>"; };
		57D39BB91BFDAD0D000FD965 /* GAIEcommercePromotion.h */ = {isa = PBXFileReference; fileEncoding = 4; lastKnownFileType = sourcecode.c.h; path = GAIEcommercePromotion.h; sourceTree = "<group>"; };
		57D39BBA1BFDAD0D000FD965 /* GAIFields.h */ = {isa = PBXFileReference; fileEncoding = 4; lastKnownFileType = sourcecode.c.h; path = GAIFields.h; sourceTree = "<group>"; };
		57D39BBB1BFDAD0D000FD965 /* GAILogger.h */ = {isa = PBXFileReference; fileEncoding = 4; lastKnownFileType = sourcecode.c.h; path = GAILogger.h; sourceTree = "<group>"; };
		57D39BBC1BFDAD0D000FD965 /* GAITrackedViewController.h */ = {isa = PBXFileReference; fileEncoding = 4; lastKnownFileType = sourcecode.c.h; path = GAITrackedViewController.h; sourceTree = "<group>"; };
		57D39BBD1BFDAD0D000FD965 /* GAITracker.h */ = {isa = PBXFileReference; fileEncoding = 4; lastKnownFileType = sourcecode.c.h; path = GAITracker.h; sourceTree = "<group>"; };
		57D39BBF1BFDAD0D000FD965 /* libGoogleAnalyticsServices.a */ = {isa = PBXFileReference; lastKnownFileType = archive.ar; path = libGoogleAnalyticsServices.a; sourceTree = "<group>"; };
		57D39BE41BFDAEF6000FD965 /* CoreData.framework */ = {isa = PBXFileReference; lastKnownFileType = wrapper.framework; name = CoreData.framework; path = System/Library/Frameworks/CoreData.framework; sourceTree = SDKROOT; };
		57D39BE61BFDAF12000FD965 /* SystemConfiguration.framework */ = {isa = PBXFileReference; lastKnownFileType = wrapper.framework; name = SystemConfiguration.framework; path = System/Library/Frameworks/SystemConfiguration.framework; sourceTree = SDKROOT; };
		57D39BE81BFDAFF5000FD965 /* libsqlite3.tbd */ = {isa = PBXFileReference; lastKnownFileType = "sourcecode.text-based-dylib-definition"; name = libsqlite3.tbd; path = usr/lib/libsqlite3.tbd; sourceTree = SDKROOT; };
		57D39BEA1BFDB007000FD965 /* libz.tbd */ = {isa = PBXFileReference; lastKnownFileType = "sourcecode.text-based-dylib-definition"; name = libz.tbd; path = usr/lib/libz.tbd; sourceTree = SDKROOT; };
		57D4D01D1B9FD3870008FD2A /* Default-568h@2x.png */ = {isa = PBXFileReference; lastKnownFileType = image.png; path = "Default-568h@2x.png"; sourceTree = "<group>"; };
		57D4D01E1B9FD3870008FD2A /* Default-736h@3x.png */ = {isa = PBXFileReference; lastKnownFileType = image.png; path = "Default-736h@3x.png"; sourceTree = "<group>"; };
		57D4D01F1B9FD3870008FD2A /* Default@2x.png */ = {isa = PBXFileReference; lastKnownFileType = image.png; path = "Default@2x.png"; sourceTree = "<group>"; };
		57D5CB3B1C044272005281DD /* en */ = {isa = PBXFileReference; lastKnownFileType = text.plist.strings; name = en; path = en.lproj/Localizable.strings; sourceTree = "<group>"; };
		57D5CB3C1C044281005281DD /* zh-Hant */ = {isa = PBXFileReference; lastKnownFileType = text.plist.strings; name = "zh-Hant"; path = "zh-Hant.lproj/Localizable.strings"; sourceTree = "<group>"; };
		57DCB6F41C0D52C700B7B74E /* FBSDKCoreKit.framework */ = {isa = PBXFileReference; lastKnownFileType = wrapper.framework; path = FBSDKCoreKit.framework; sourceTree = "<group>"; };
		57DCB6F51C0D52C700B7B74E /* FBSDKLoginKit.framework */ = {isa = PBXFileReference; lastKnownFileType = wrapper.framework; path = FBSDKLoginKit.framework; sourceTree = "<group>"; };
		57DCB6F61C0D52C700B7B74E /* FBSDKShareKit.framework */ = {isa = PBXFileReference; lastKnownFileType = wrapper.framework; path = FBSDKShareKit.framework; sourceTree = "<group>"; };
		57DCB6FA1C0DA7CC00B7B74E /* FBFunction.h */ = {isa = PBXFileReference; fileEncoding = 4; lastKnownFileType = sourcecode.c.h; path = FBFunction.h; sourceTree = "<group>"; };
		57DCB6FB1C0DA7CC00B7B74E /* FBFunction.m */ = {isa = PBXFileReference; fileEncoding = 4; lastKnownFileType = sourcecode.c.objc; path = FBFunction.m; sourceTree = "<group>"; };
		57E155F21C06D3CC004DCC6E /* AdSupport.framework */ = {isa = PBXFileReference; lastKnownFileType = wrapper.framework; name = AdSupport.framework; path = System/Library/Frameworks/AdSupport.framework; sourceTree = SDKROOT; };
		57E155F41C06D41F004DCC6E /* libAdIdAccess.a */ = {isa = PBXFileReference; lastKnownFileType = archive.ar; name = libAdIdAccess.a; path = GoogleAnalytics/libAdIdAccess.a; sourceTree = "<group>"; };
		57EC5D871BB8DF680040932A /* Icon-60@2x.png */ = {isa = PBXFileReference; lastKnownFileType = image.png; path = "Icon-60@2x.png"; sourceTree = "<group>"; };
		57EC5D881BB8DF680040932A /* Icon-60@3x.png */ = {isa = PBXFileReference; lastKnownFileType = image.png; path = "Icon-60@3x.png"; sourceTree = "<group>"; };
		57EC5D8B1BB8E0230040932A /* Icon-40@2x.png */ = {isa = PBXFileReference; lastKnownFileType = image.png; path = "Icon-40@2x.png"; sourceTree = "<group>"; };
		57EC5D8D1BB8E1680040932A /* Icon-29@3x.png */ = {isa = PBXFileReference; lastKnownFileType = image.png; path = "Icon-29@3x.png"; sourceTree = "<group>"; };
		57EC5D8F1BB8E17C0040932A /* Icon-29@2x.png */ = {isa = PBXFileReference; lastKnownFileType = image.png; path = "Icon-29@2x.png"; sourceTree = "<group>"; };
/* End PBXFileReference section */

/* Begin PBXFrameworksBuildPhase section */
		571CBE4B1B8C3C3E003343F1 /* Frameworks */ = {
			isa = PBXFrameworksBuildPhase;
			buildActionMask = 2147483647;
			files = (
				57E155F31C06D3CC004DCC6E /* AdSupport.framework in Frameworks */,
				57E155F51C06D41F004DCC6E /* libAdIdAccess.a in Frameworks */,
				57DCB6F81C0D52C700B7B74E /* FBSDKLoginKit.framework in Frameworks */,
				57D39BEB1BFDB007000FD965 /* libz.tbd in Frameworks */,
				57D39BE91BFDAFF5000FD965 /* libsqlite3.tbd in Frameworks */,
				57D39BE71BFDAF12000FD965 /* SystemConfiguration.framework in Frameworks */,
				57DCB6F91C0D52C700B7B74E /* FBSDKShareKit.framework in Frameworks */,
				57D39BE51BFDAEF6000FD965 /* CoreData.framework in Frameworks */,
				5757DEFD1BA55757001FC213 /* AssetsLibrary.framework in Frameworks */,
				57DCB6F71C0D52C700B7B74E /* FBSDKCoreKit.framework in Frameworks */,
				57D39BE01BFDAD0D000FD965 /* libGoogleAnalyticsServices.a in Frameworks */,
			);
			runOnlyForDeploymentPostprocessing = 0;
		};
		571CBE671B8C3C3E003343F1 /* Frameworks */ = {
			isa = PBXFrameworksBuildPhase;
			buildActionMask = 2147483647;
			files = (
			);
			runOnlyForDeploymentPostprocessing = 0;
		};
/* End PBXFrameworksBuildPhase section */

/* Begin PBXGroup section */
		571CBE451B8C3C3E003343F1 = {
			isa = PBXGroup;
			children = (
				571CBE501B8C3C3E003343F1 /* TaichungDivingForiPhone */,
				571CBE6D1B8C3C3E003343F1 /* TaichungDivingForiPhoneTests */,
				571CBE4F1B8C3C3E003343F1 /* Products */,
			);
			sourceTree = "<group>";
		};
		571CBE4F1B8C3C3E003343F1 /* Products */ = {
			isa = PBXGroup;
			children = (
				571CBE4E1B8C3C3E003343F1 /* TaichungDivingForiPhone.app */,
				571CBE6A1B8C3C3E003343F1 /* TaichungDivingForiPhoneTests.xctest */,
			);
			name = Products;
			sourceTree = "<group>";
		};
		571CBE501B8C3C3E003343F1 /* TaichungDivingForiPhone */ = {
			isa = PBXGroup;
			children = (
				57D39B861BFDA9A8000FD965 /* Google Analytics */,
				571CBE801B8C3DEA003343F1 /* Database */,
				571CBE7F1B8C3DC5003343F1 /* ViewControlers */,
				571CBE7E1B8C3D21003343F1 /* Icons */,
				571CBE611B8C3C3E003343F1 /* Images.xcassets */,
				571CBE631B8C3C3E003343F1 /* LaunchScreen.xib */,
				571CBE511B8C3C3E003343F1 /* Supporting Files */,
			);
			path = TaichungDivingForiPhone;
			sourceTree = "<group>";
		};
		571CBE511B8C3C3E003343F1 /* Supporting Files */ = {
			isa = PBXGroup;
			children = (
				5757DEFE1BA55772001FC213 /* Frameworks */,
				571CBEBB1B8C5E32003343F1 /* Localizable.strings */,
				571CBE811B8C3F5B003343F1 /* Reachability.h */,
				571CBE821B8C3F5B003343F1 /* Reachability.m */,
				571CBE551B8C3C3E003343F1 /* AppDelegate.h */,
				571CBE561B8C3C3E003343F1 /* AppDelegate.m */,
				571CBE521B8C3C3E003343F1 /* Info.plist */,
				571CBE531B8C3C3E003343F1 /* main.m */,
				571CBE9C1B8C4914003343F1 /* ModelControler.h */,
				571CBE9D1B8C4914003343F1 /* ModelControler.m */,
				571CBE9F1B8C4931003343F1 /* LogDatabase.h */,
				571CBEA01B8C4931003343F1 /* LogDatabase.m */,
				57DCB6FA1C0DA7CC00B7B74E /* FBFunction.h */,
				57DCB6FB1C0DA7CC00B7B74E /* FBFunction.m */,
			);
			name = "Supporting Files";
			sourceTree = "<group>";
		};
		571CBE6D1B8C3C3E003343F1 /* TaichungDivingForiPhoneTests */ = {
			isa = PBXGroup;
			children = (
				571CBE701B8C3C3E003343F1 /* TaichungDivingForiPhoneTests.m */,
				571CBE6E1B8C3C3E003343F1 /* Supporting Files */,
			);
			path = TaichungDivingForiPhoneTests;
			sourceTree = "<group>";
		};
		571CBE6E1B8C3C3E003343F1 /* Supporting Files */ = {
			isa = PBXGroup;
			children = (
				571CBE6F1B8C3C3E003343F1 /* Info.plist */,
			);
			name = "Supporting Files";
			sourceTree = "<group>";
		};
		571CBE7E1B8C3D21003343F1 /* Icons */ = {
			isa = PBXGroup;
			children = (
				57EC5D8F1BB8E17C0040932A /* Icon-29@2x.png */,
				57EC5D8D1BB8E1680040932A /* Icon-29@3x.png */,
				57EC5D8B1BB8E0230040932A /* Icon-40@2x.png */,
				57EC5D871BB8DF680040932A /* Icon-60@2x.png */,
				57EC5D881BB8DF680040932A /* Icon-60@3x.png */,
				570396DF1BA16ADD005F8385 /* LogImg.bundle */,
				57D4D01D1B9FD3870008FD2A /* Default-568h@2x.png */,
				57D4D01E1B9FD3870008FD2A /* Default-736h@3x.png */,
				57D4D01F1B9FD3870008FD2A /* Default@2x.png */,
				5702AFA91B9F33F7009A149F /* Default-667H@2x.png */,
				57ABF8181B96E69400BE7CF2 /* Button.bundle */,
				578679571B95E38B00A0F977 /* Background.bundle */,
				571CBEA71B8C523E003343F1 /* ic_book_black_24dp.png */,
				571CBEA81B8C523E003343F1 /* ic_book_black_48dp.png */,
				571CBEA91B8C523E003343F1 /* ic_class_black_48dp.png */,
				571CBEAA1B8C523E003343F1 /* ic_edit_black_24dp.png */,
				571CBEAB1B8C523E003343F1 /* ic_home_black_24dp.png */,
				571CBEAC1B8C523E003343F1 /* ic_refresh_black_24dp.png */,
				571CBEAD1B8C523E003343F1 /* ic_save_black_24dp.png */,
				571CBEAE1B8C523E003343F1 /* ic_warning_amber_48dp.png */,
				571CBEA51B8C520F003343F1 /* icons.bundle */,
			);
			name = Icons;
			sourceTree = "<group>";
		};
		571CBE7F1B8C3DC5003343F1 /* ViewControlers */ = {
			isa = PBXGroup;
			children = (
				571CBE5B1B8C3C3E003343F1 /* MainViewController.h */,
				571CBE5C1B8C3C3E003343F1 /* MainViewController.m */,
				571CBE841B8C47A1003343F1 /* LogViewController.h */,
				571CBE851B8C47A1003343F1 /* LogViewController.m */,
				571CBE871B8C47D7003343F1 /* LogBookTableViewController.h */,
				571CBE881B8C47D7003343F1 /* LogBookTableViewController.m */,
				571CBE8A1B8C4814003343F1 /* PageViewController.h */,
				571CBE8B1B8C4814003343F1 /* PageViewController.m */,
				571CBE8D1B8C484A003343F1 /* LogShowViewController.h */,
				571CBE8E1B8C484A003343F1 /* LogShowViewController.m */,
				571CBE901B8C486A003343F1 /* LogCategoryViewController.h */,
				571CBE911B8C486A003343F1 /* LogCategoryViewController.m */,
				571CBE931B8C4890003343F1 /* TourTableViewController.h */,
				571CBE941B8C4890003343F1 /* TourTableViewController.m */,
				571CBE961B8C48BB003343F1 /* TourDetailViewController.h */,
				571CBE971B8C48BB003343F1 /* TourDetailViewController.m */,
				571CBE991B8C48E3003343F1 /* ForecastNewViewController.h */,
				571CBE9A1B8C48E3003343F1 /* ForecastNewViewController.m */,
				5757DF021BA5580F001FC213 /* PhotoCell.h */,
				5757DF031BA5580F001FC213 /* PhotoCell.m */,
				5757DF051BA55D16001FC213 /* PhotoViewController.h */,
				5757DF061BA55D16001FC213 /* PhotoViewController.m */,
				577DA1611C13395A0020B9A6 /* PhotoImagePicker.h */,
				577DA1621C13395A0020B9A6 /* PhotoImagePicker.m */,
			);
			name = ViewControlers;
			sourceTree = "<group>";
		};
		571CBE801B8C3DEA003343F1 /* Database */ = {
			isa = PBXGroup;
			children = (
				571CBE581B8C3C3E003343F1 /* TaichungDivingForiPhone.xcdatamodeld */,
				571CBEA21B8C4EDD003343F1 /* DiveLog.h */,
				571CBEA31B8C4EDD003343F1 /* DiveLog.m */,
			);
			name = Database;
			sourceTree = "<group>";
		};
		5757DEFE1BA55772001FC213 /* Frameworks */ = {
			isa = PBXGroup;
			children = (
				57DCB6F41C0D52C700B7B74E /* FBSDKCoreKit.framework */,
				57DCB6F51C0D52C700B7B74E /* FBSDKLoginKit.framework */,
				57DCB6F61C0D52C700B7B74E /* FBSDKShareKit.framework */,
				57E155F21C06D3CC004DCC6E /* AdSupport.framework */,
				57D39BEA1BFDB007000FD965 /* libz.tbd */,
				57D39BE81BFDAFF5000FD965 /* libsqlite3.tbd */,
				57D39BE61BFDAF12000FD965 /* SystemConfiguration.framework */,
				57D39BE41BFDAEF6000FD965 /* CoreData.framework */,
				5757DEFC1BA55757001FC213 /* AssetsLibrary.framework */,
			);
			name = Frameworks;
			sourceTree = "<group>";
		};
		57D39B861BFDA9A8000FD965 /* Google Analytics */ = {
			isa = PBXGroup;
			children = (
				57D39B871BFDAD0D000FD965 /* GoogleAnalytics */,
				57D39BBF1BFDAD0D000FD965 /* libGoogleAnalyticsServices.a */,
				57E155F41C06D41F004DCC6E /* libAdIdAccess.a */,
			);
			name = "Google Analytics";
			sourceTree = "<group>";
		};
		57D39B871BFDAD0D000FD965 /* GoogleAnalytics */ = {
			isa = PBXGroup;
			children = (
				57D39BB31BFDAD0D000FD965 /* Library */,
			);
			path = GoogleAnalytics;
			sourceTree = "<group>";
		};
		57D39BB31BFDAD0D000FD965 /* Library */ = {
			isa = PBXGroup;
			children = (
				57D39BB41BFDAD0D000FD965 /* GAI.h */,
				57D39BB51BFDAD0D000FD965 /* GAIDictionaryBuilder.h */,
				57D39BB61BFDAD0D000FD965 /* GAIEcommerceFields.h */,
				57D39BB71BFDAD0D000FD965 /* GAIEcommerceProduct.h */,
				57D39BB81BFDAD0D000FD965 /* GAIEcommerceProductAction.h */,
				57D39BB91BFDAD0D000FD965 /* GAIEcommercePromotion.h */,
				57D39BBA1BFDAD0D000FD965 /* GAIFields.h */,
				57D39BBB1BFDAD0D000FD965 /* GAILogger.h */,
				57D39BBC1BFDAD0D000FD965 /* GAITrackedViewController.h */,
				57D39BBD1BFDAD0D000FD965 /* GAITracker.h */,
			);
			path = Library;
			sourceTree = "<group>";
		};
/* End PBXGroup section */

/* Begin PBXNativeTarget section */
		571CBE4D1B8C3C3E003343F1 /* TaichungDivingForiPhone */ = {
			isa = PBXNativeTarget;
			buildConfigurationList = 571CBE741B8C3C3E003343F1 /* Build configuration list for PBXNativeTarget "TaichungDivingForiPhone" */;
			buildPhases = (
				571CBE4A1B8C3C3E003343F1 /* Sources */,
				571CBE4B1B8C3C3E003343F1 /* Frameworks */,
				571CBE4C1B8C3C3E003343F1 /* Resources */,
			);
			buildRules = (
			);
			dependencies = (
			);
			name = TaichungDivingForiPhone;
			productName = TaichungDivingForiPhone;
			productReference = 571CBE4E1B8C3C3E003343F1 /* TaichungDivingForiPhone.app */;
			productType = "com.apple.product-type.application";
		};
		571CBE691B8C3C3E003343F1 /* TaichungDivingForiPhoneTests */ = {
			isa = PBXNativeTarget;
			buildConfigurationList = 571CBE771B8C3C3E003343F1 /* Build configuration list for PBXNativeTarget "TaichungDivingForiPhoneTests" */;
			buildPhases = (
				571CBE661B8C3C3E003343F1 /* Sources */,
				571CBE671B8C3C3E003343F1 /* Frameworks */,
				571CBE681B8C3C3E003343F1 /* Resources */,
			);
			buildRules = (
			);
			dependencies = (
				571CBE6C1B8C3C3E003343F1 /* PBXTargetDependency */,
			);
			name = TaichungDivingForiPhoneTests;
			productName = TaichungDivingForiPhoneTests;
			productReference = 571CBE6A1B8C3C3E003343F1 /* TaichungDivingForiPhoneTests.xctest */;
			productType = "com.apple.product-type.bundle.unit-test";
		};
/* End PBXNativeTarget section */

/* Begin PBXProject section */
		571CBE461B8C3C3E003343F1 /* Project object */ = {
			isa = PBXProject;
			attributes = {
				LastUpgradeCheck = 0700;
				ORGANIZATIONNAME = "Samuel Teng";
				TargetAttributes = {
					571CBE4D1B8C3C3E003343F1 = {
						CreatedOnToolsVersion = 6.4;
						DevelopmentTeam = 7V3E82AMW2;
					};
					571CBE691B8C3C3E003343F1 = {
						CreatedOnToolsVersion = 6.4;
						TestTargetID = 571CBE4D1B8C3C3E003343F1;
					};
				};
			};
			buildConfigurationList = 571CBE491B8C3C3E003343F1 /* Build configuration list for PBXProject "TaichungDivingForiPhone" */;
			compatibilityVersion = "Xcode 3.2";
			developmentRegion = English;
			hasScannedForEncodings = 0;
			knownRegions = (
				en,
				Base,
				"zh-Hant",
			);
			mainGroup = 571CBE451B8C3C3E003343F1;
			productRefGroup = 571CBE4F1B8C3C3E003343F1 /* Products */;
			projectDirPath = "";
			projectRoot = "";
			targets = (
				571CBE4D1B8C3C3E003343F1 /* TaichungDivingForiPhone */,
				571CBE691B8C3C3E003343F1 /* TaichungDivingForiPhoneTests */,
			);
		};
/* End PBXProject section */

/* Begin PBXResourcesBuildPhase section */
		571CBE4C1B8C3C3E003343F1 /* Resources */ = {
			isa = PBXResourcesBuildPhase;
			buildActionMask = 2147483647;
			files = (
				571CBEB51B8C523E003343F1 /* ic_save_black_24dp.png in Resources */,
				57ABF8191B96E69400BE7CF2 /* Button.bundle in Resources */,
				571CBE651B8C3C3E003343F1 /* LaunchScreen.xib in Resources */,
				571CBEB91B8C5E32003343F1 /* Localizable.strings in Resources */,
				57EC5D901BB8E17C0040932A /* Icon-29@2x.png in Resources */,
				571CBEAF1B8C523E003343F1 /* ic_book_black_24dp.png in Resources */,
				57EC5D8A1BB8DF680040932A /* Icon-60@3x.png in Resources */,
				571CBEA61B8C520F003343F1 /* icons.bundle in Resources */,
				578679581B95E38B00A0F977 /* Background.bundle in Resources */,
				571CBEB31B8C523E003343F1 /* ic_home_black_24dp.png in Resources */,
				570396E01BA16ADD005F8385 /* LogImg.bundle in Resources */,
				571CBE621B8C3C3E003343F1 /* Images.xcassets in Resources */,
				57D4D0211B9FD3870008FD2A /* Default-736h@3x.png in Resources */,
				57EC5D8E1BB8E1680040932A /* Icon-29@3x.png in Resources */,
				571CBEB41B8C523E003343F1 /* ic_refresh_black_24dp.png in Resources */,
				57D4D0201B9FD3870008FD2A /* Default-568h@2x.png in Resources */,
				571CBEB21B8C523E003343F1 /* ic_edit_black_24dp.png in Resources */,
				57EC5D8C1BB8E0230040932A /* Icon-40@2x.png in Resources */,
				57EC5D891BB8DF680040932A /* Icon-60@2x.png in Resources */,
				5702AFAA1B9F33F7009A149F /* Default-667H@2x.png in Resources */,
				571CBEB11B8C523E003343F1 /* ic_class_black_48dp.png in Resources */,
				571CBEB01B8C523E003343F1 /* ic_book_black_48dp.png in Resources */,
				571CBEB61B8C523E003343F1 /* ic_warning_amber_48dp.png in Resources */,
				57D4D0221B9FD3870008FD2A /* Default@2x.png in Resources */,
			);
			runOnlyForDeploymentPostprocessing = 0;
		};
		571CBE681B8C3C3E003343F1 /* Resources */ = {
			isa = PBXResourcesBuildPhase;
			buildActionMask = 2147483647;
			files = (
			);
			runOnlyForDeploymentPostprocessing = 0;
		};
/* End PBXResourcesBuildPhase section */

/* Begin PBXSourcesBuildPhase section */
		571CBE4A1B8C3C3E003343F1 /* Sources */ = {
			isa = PBXSourcesBuildPhase;
			buildActionMask = 2147483647;
			files = (
				57DCB6FC1C0DA7CC00B7B74E /* FBFunction.m in Sources */,
				571CBE9E1B8C4914003343F1 /* ModelControler.m in Sources */,
				571CBE571B8C3C3E003343F1 /* AppDelegate.m in Sources */,
				571CBE981B8C48BB003343F1 /* TourDetailViewController.m in Sources */,
				571CBEA11B8C4931003343F1 /* LogDatabase.m in Sources */,
				571CBE921B8C486A003343F1 /* LogCategoryViewController.m in Sources */,
				571CBE9B1B8C48E3003343F1 /* ForecastNewViewController.m in Sources */,
				571CBE5A1B8C3C3E003343F1 /* TaichungDivingForiPhone.xcdatamodeld in Sources */,
				571CBE891B8C47D7003343F1 /* LogBookTableViewController.m in Sources */,
				571CBE8C1B8C4814003343F1 /* PageViewController.m in Sources */,
				5757DF041BA5580F001FC213 /* PhotoCell.m in Sources */,
				571CBE5D1B8C3C3E003343F1 /* MainViewController.m in Sources */,
				571CBE8F1B8C484A003343F1 /* LogShowViewController.m in Sources */,
				571CBE541B8C3C3E003343F1 /* main.m in Sources */,
				571CBE831B8C3F5B003343F1 /* Reachability.m in Sources */,
				571CBE951B8C4890003343F1 /* TourTableViewController.m in Sources */,
				577DA1631C13395A0020B9A6 /* PhotoImagePicker.m in Sources */,
				5757DF071BA55D16001FC213 /* PhotoViewController.m in Sources */,
				571CBEA41B8C4EDD003343F1 /* DiveLog.m in Sources */,
				571CBE861B8C47A1003343F1 /* LogViewController.m in Sources */,
			);
			runOnlyForDeploymentPostprocessing = 0;
		};
		571CBE661B8C3C3E003343F1 /* Sources */ = {
			isa = PBXSourcesBuildPhase;
			buildActionMask = 2147483647;
			files = (
				571CBE711B8C3C3E003343F1 /* TaichungDivingForiPhoneTests.m in Sources */,
			);
			runOnlyForDeploymentPostprocessing = 0;
		};
/* End PBXSourcesBuildPhase section */

/* Begin PBXTargetDependency section */
		571CBE6C1B8C3C3E003343F1 /* PBXTargetDependency */ = {
			isa = PBXTargetDependency;
			target = 571CBE4D1B8C3C3E003343F1 /* TaichungDivingForiPhone */;
			targetProxy = 571CBE6B1B8C3C3E003343F1 /* PBXContainerItemProxy */;
		};
/* End PBXTargetDependency section */

/* Begin PBXVariantGroup section */
		571CBE631B8C3C3E003343F1 /* LaunchScreen.xib */ = {
			isa = PBXVariantGroup;
			children = (
				571CBE641B8C3C3E003343F1 /* Base */,
			);
			name = LaunchScreen.xib;
			sourceTree = "<group>";
		};
		571CBEBB1B8C5E32003343F1 /* Localizable.strings */ = {
			isa = PBXVariantGroup;
			children = (
				571CBEBA1B8C5E32003343F1 /* Base */,
				57D5CB3B1C044272005281DD /* en */,
				57D5CB3C1C044281005281DD /* zh-Hant */,
			);
			name = Localizable.strings;
			sourceTree = "<group>";
		};
/* End PBXVariantGroup section */

/* Begin XCBuildConfiguration section */
		571CBE721B8C3C3E003343F1 /* Debug */ = {
			isa = XCBuildConfiguration;
			buildSettings = {
				ALWAYS_SEARCH_USER_PATHS = NO;
				CLANG_CXX_LANGUAGE_STANDARD = "gnu++0x";
				CLANG_CXX_LIBRARY = "libc++";
				CLANG_ENABLE_MODULES = YES;
				CLANG_ENABLE_OBJC_ARC = YES;
				CLANG_WARN_BOOL_CONVERSION = YES;
				CLANG_WARN_CONSTANT_CONVERSION = YES;
				CLANG_WARN_DIRECT_OBJC_ISA_USAGE = YES_ERROR;
				CLANG_WARN_EMPTY_BODY = YES;
				CLANG_WARN_ENUM_CONVERSION = YES;
				CLANG_WARN_INT_CONVERSION = YES;
				CLANG_WARN_OBJC_ROOT_CLASS = YES_ERROR;
				CLANG_WARN_UNREACHABLE_CODE = YES;
				CLANG_WARN__DUPLICATE_METHOD_MATCH = YES;
				"CODE_SIGN_IDENTITY[sdk=iphoneos*]" = "iPhone Developer";
				COPY_PHASE_STRIP = NO;
				DEBUG_INFORMATION_FORMAT = "dwarf-with-dsym";
				ENABLE_STRICT_OBJC_MSGSEND = YES;
				ENABLE_TESTABILITY = YES;
				GCC_C_LANGUAGE_STANDARD = gnu99;
				GCC_DYNAMIC_NO_PIC = NO;
				GCC_NO_COMMON_BLOCKS = YES;
				GCC_OPTIMIZATION_LEVEL = 0;
				GCC_PREPROCESSOR_DEFINITIONS = (
					"DEBUG=1",
					"$(inherited)",
				);
				GCC_SYMBOLS_PRIVATE_EXTERN = NO;
				GCC_WARN_64_TO_32_BIT_CONVERSION = YES;
				GCC_WARN_ABOUT_RETURN_TYPE = YES_ERROR;
				GCC_WARN_UNDECLARED_SELECTOR = YES;
				GCC_WARN_UNINITIALIZED_AUTOS = YES_AGGRESSIVE;
				GCC_WARN_UNUSED_FUNCTION = YES;
				GCC_WARN_UNUSED_VARIABLE = YES;
				IPHONEOS_DEPLOYMENT_TARGET = 8.0;
				MTL_ENABLE_DEBUG_INFO = YES;
				ONLY_ACTIVE_ARCH = YES;
				SDKROOT = iphoneos;
			};
			name = Debug;
		};
		571CBE731B8C3C3E003343F1 /* Release */ = {
			isa = XCBuildConfiguration;
			buildSettings = {
				ALWAYS_SEARCH_USER_PATHS = NO;
				CLANG_CXX_LANGUAGE_STANDARD = "gnu++0x";
				CLANG_CXX_LIBRARY = "libc++";
				CLANG_ENABLE_MODULES = YES;
				CLANG_ENABLE_OBJC_ARC = YES;
				CLANG_WARN_BOOL_CONVERSION = YES;
				CLANG_WARN_CONSTANT_CONVERSION = YES;
				CLANG_WARN_DIRECT_OBJC_ISA_USAGE = YES_ERROR;
				CLANG_WARN_EMPTY_BODY = YES;
				CLANG_WARN_ENUM_CONVERSION = YES;
				CLANG_WARN_INT_CONVERSION = YES;
				CLANG_WARN_OBJC_ROOT_CLASS = YES_ERROR;
				CLANG_WARN_UNREACHABLE_CODE = YES;
				CLANG_WARN__DUPLICATE_METHOD_MATCH = YES;
				"CODE_SIGN_IDENTITY[sdk=iphoneos*]" = "iPhone Distribution";
				COPY_PHASE_STRIP = NO;
				DEBUG_INFORMATION_FORMAT = "dwarf-with-dsym";
				ENABLE_NS_ASSERTIONS = NO;
				ENABLE_STRICT_OBJC_MSGSEND = YES;
				GCC_C_LANGUAGE_STANDARD = gnu99;
				GCC_NO_COMMON_BLOCKS = YES;
				GCC_WARN_64_TO_32_BIT_CONVERSION = YES;
				GCC_WARN_ABOUT_RETURN_TYPE = YES_ERROR;
				GCC_WARN_UNDECLARED_SELECTOR = YES;
				GCC_WARN_UNINITIALIZED_AUTOS = YES_AGGRESSIVE;
				GCC_WARN_UNUSED_FUNCTION = YES;
				GCC_WARN_UNUSED_VARIABLE = YES;
				IPHONEOS_DEPLOYMENT_TARGET = 8.0;
				MTL_ENABLE_DEBUG_INFO = NO;
				SDKROOT = iphoneos;
				VALIDATE_PRODUCT = YES;
			};
			name = Release;
		};
		571CBE751B8C3C3E003343F1 /* Debug */ = {
			isa = XCBuildConfiguration;
			buildSettings = {
				ASSETCATALOG_COMPILER_APPICON_NAME = AppIcon;
				ASSETCATALOG_COMPILER_LAUNCHIMAGE_NAME = LaunchImage;
				CODE_SIGN_IDENTITY = "iPhone Developer";
				"CODE_SIGN_IDENTITY[sdk=iphoneos*]" = "iPhone Developer";
				FRAMEWORK_SEARCH_PATHS = (
					"$(inherited)",
					"$(PROJECT_DIR)/TaichungDivingForiPhone",
				);
				INFOPLIST_FILE = TaichungDivingForiPhone/Info.plist;
				IPHONEOS_DEPLOYMENT_TARGET = 8.0;
				LD_RUNPATH_SEARCH_PATHS = "$(inherited) @executable_path/Frameworks";
				LIBRARY_SEARCH_PATHS = (
					"$(inherited)",
					"$(PROJECT_DIR)/TaichungDivingForiPhone",
					"$(PROJECT_DIR)/TaichungDivingForiPhone/GoogleAnalytics",
				);
				PRODUCT_BUNDLE_IDENTIFIER = "ST.$(PRODUCT_NAME:rfc1034identifier)";
				PRODUCT_NAME = "$(TARGET_NAME)";
				PROVISIONING_PROFILE = "";
			};
			name = Debug;
		};
		571CBE761B8C3C3E003343F1 /* Release */ = {
			isa = XCBuildConfiguration;
			buildSettings = {
				ASSETCATALOG_COMPILER_APPICON_NAME = AppIcon;
				ASSETCATALOG_COMPILER_LAUNCHIMAGE_NAME = LaunchImage;
				CODE_SIGN_IDENTITY = "iPhone Developer";
				"CODE_SIGN_IDENTITY[sdk=iphoneos*]" = "iPhone Developer";
				FRAMEWORK_SEARCH_PATHS = (
					"$(inherited)",
					"$(PROJECT_DIR)/TaichungDivingForiPhone",
				);
				INFOPLIST_FILE = TaichungDivingForiPhone/Info.plist;
				IPHONEOS_DEPLOYMENT_TARGET = 8.0;
				LD_RUNPATH_SEARCH_PATHS = "$(inherited) @executable_path/Frameworks";
				LIBRARY_SEARCH_PATHS = (
					"$(inherited)",
					"$(PROJECT_DIR)/TaichungDivingForiPhone",
					"$(PROJECT_DIR)/TaichungDivingForiPhone/GoogleAnalytics",
				);
				PRODUCT_BUNDLE_IDENTIFIER = "ST.$(PRODUCT_NAME:rfc1034identifier)";
				PRODUCT_NAME = "$(TARGET_NAME)";
				PROVISIONING_PROFILE = "";
			};
			name = Release;
		};
		571CBE781B8C3C3E003343F1 /* Debug */ = {
			isa = XCBuildConfiguration;
			buildSettings = {
				BUNDLE_LOADER = "$(TEST_HOST)";
				FRAMEWORK_SEARCH_PATHS = (
					"$(SDKROOT)/Developer/Library/Frameworks",
					"$(inherited)",
				);
				GCC_PREPROCESSOR_DEFINITIONS = (
					"DEBUG=1",
					"$(inherited)",
				);
				INFOPLIST_FILE = TaichungDivingForiPhoneTests/Info.plist;
				LD_RUNPATH_SEARCH_PATHS = "$(inherited) @executable_path/Frameworks @loader_path/Frameworks";
				PRODUCT_BUNDLE_IDENTIFIER = "ST.$(PRODUCT_NAME:rfc1034identifier)";
				PRODUCT_NAME = "$(TARGET_NAME)";
				TEST_HOST = "$(BUILT_PRODUCTS_DIR)/TaichungDivingForiPhone.app/TaichungDivingForiPhone";
			};
			name = Debug;
		};
		571CBE791B8C3C3E003343F1 /* Release */ = {
			isa = XCBuildConfiguration;
			buildSettings = {
				BUNDLE_LOADER = "$(TEST_HOST)";
				FRAMEWORK_SEARCH_PATHS = (
					"$(SDKROOT)/Developer/Library/Frameworks",
					"$(inherited)",
				);
				INFOPLIST_FILE = TaichungDivingForiPhoneTests/Info.plist;
				LD_RUNPATH_SEARCH_PATHS = "$(inherited) @executable_path/Frameworks @loader_path/Frameworks";
				PRODUCT_BUNDLE_IDENTIFIER = "ST.$(PRODUCT_NAME:rfc1034identifier)";
				PRODUCT_NAME = "$(TARGET_NAME)";
				TEST_HOST = "$(BUILT_PRODUCTS_DIR)/TaichungDivingForiPhone.app/TaichungDivingForiPhone";
			};
			name = Release;
		};
/* End XCBuildConfiguration section */

/* Begin XCConfigurationList section */
		571CBE491B8C3C3E003343F1 /* Build configuration list for PBXProject "TaichungDivingForiPhone" */ = {
			isa = XCConfigurationList;
			buildConfigurations = (
				571CBE721B8C3C3E003343F1 /* Debug */,
				571CBE731B8C3C3E003343F1 /* Release */,
			);
			defaultConfigurationIsVisible = 0;
			defaultConfigurationName = Release;
		};
		571CBE741B8C3C3E003343F1 /* Build configuration list for PBXNativeTarget "TaichungDivingForiPhone" */ = {
			isa = XCConfigurationList;
			buildConfigurations = (
				571CBE751B8C3C3E003343F1 /* Debug */,
				571CBE761B8C3C3E003343F1 /* Release */,
			);
			defaultConfigurationIsVisible = 0;
			defaultConfigurationName = Release;
		};
		571CBE771B8C3C3E003343F1 /* Build configuration list for PBXNativeTarget "TaichungDivingForiPhoneTests" */ = {
			isa = XCConfigurationList;
			buildConfigurations = (
				571CBE781B8C3C3E003343F1 /* Debug */,
				571CBE791B8C3C3E003343F1 /* Release */,
			);
			defaultConfigurationIsVisible = 0;
			defaultConfigurationName = Release;
		};
/* End XCConfigurationList section */

/* Begin XCVersionGroup section */
		571CBE581B8C3C3E003343F1 /* TaichungDivingForiPhone.xcdatamodeld */ = {
			isa = XCVersionGroup;
			children = (
				571CBE591B8C3C3E003343F1 /* TaichungDivingForiPhone.xcdatamodel */,
			);
			currentVersion = 571CBE591B8C3C3E003343F1 /* TaichungDivingForiPhone.xcdatamodel */;
			path = TaichungDivingForiPhone.xcdatamodeld;
			sourceTree = "<group>";
			versionGroupType = wrapper.xcdatamodel;
		};
/* End XCVersionGroup section */
	};
	rootObject = 571CBE461B8C3C3E003343F1 /* Project object */;
}
